// !$*UTF8*$!
{
	archiveVersion = 1;
	classes = {
	};
	objectVersion = 46;
	objects = {

/* Begin PBXBuildFile section */
		3B3356DF1DECE90A00AD40EA /* AppDelegate.swift in Sources */ = {isa = PBXBuildFile; fileRef = 3B3356DE1DECE90A00AD40EA /* AppDelegate.swift */; };
		3B3356E11DECE90A00AD40EA /* FriendsController.swift in Sources */ = {isa = PBXBuildFile; fileRef = 3B3356E01DECE90A00AD40EA /* FriendsController.swift */; };
		3B3356E71DECE90A00AD40EA /* fbMessanger.xcdatamodeld in Sources */ = {isa = PBXBuildFile; fileRef = 3B3356E51DECE90A00AD40EA /* fbMessanger.xcdatamodeld */; };
		3B3356E91DECE90A00AD40EA /* Assets.xcassets in Resources */ = {isa = PBXBuildFile; fileRef = 3B3356E81DECE90A00AD40EA /* Assets.xcassets */; };
		3B3356EC1DECE90A00AD40EA /* LaunchScreen.storyboard in Resources */ = {isa = PBXBuildFile; fileRef = 3B3356EA1DECE90A00AD40EA /* LaunchScreen.storyboard */; };
		3B4058C81DF9DFEA0059EF2B /* FriendsControllerHelper.swift in Sources */ = {isa = PBXBuildFile; fileRef = 3B4058C71DF9DFEA0059EF2B /* FriendsControllerHelper.swift */; };
/* End PBXBuildFile section */

/* Begin PBXFileReference section */
		3B3356DB1DECE90A00AD40EA /* fbMessanger.app */ = {isa = PBXFileReference; explicitFileType = wrapper.application; includeInIndex = 0; path = fbMessanger.app; sourceTree = BUILT_PRODUCTS_DIR; };
		3B3356DE1DECE90A00AD40EA /* AppDelegate.swift */ = {isa = PBXFileReference; lastKnownFileType = sourcecode.swift; path = AppDelegate.swift; sourceTree = "<group>"; };
		3B3356E01DECE90A00AD40EA /* FriendsController.swift */ = {isa = PBXFileReference; lastKnownFileType = sourcecode.swift; path = FriendsController.swift; sourceTree = "<group>"; };
		3B3356E61DECE90A00AD40EA /* fbMessanger.xcdatamodel */ = {isa = PBXFileReference; lastKnownFileType = wrapper.xcdatamodel; path = fbMessanger.xcdatamodel; sourceTree = "<group>"; };
		3B3356E81DECE90A00AD40EA /* Assets.xcassets */ = {isa = PBXFileReference; lastKnownFileType = folder.assetcatalog; path = Assets.xcassets; sourceTree = "<group>"; };
		3B3356EB1DECE90A00AD40EA /* Base */ = {isa = PBXFileReference; lastKnownFileType = file.storyboard; name = Base; path = Base.lproj/LaunchScreen.storyboard; sourceTree = "<group>"; };
		3B3356ED1DECE90A00AD40EA /* Info.plist */ = {isa = PBXFileReference; lastKnownFileType = text.plist.xml; path = Info.plist; sourceTree = "<group>"; };
		3B4058C71DF9DFEA0059EF2B /* FriendsControllerHelper.swift */ = {isa = PBXFileReference; fileEncoding = 4; lastKnownFileType = sourcecode.swift; path = FriendsControllerHelper.swift; sourceTree = "<group>"; };
/* End PBXFileReference section */

/* Begin PBXFrameworksBuildPhase section */
		3B3356D81DECE90A00AD40EA /* Frameworks */ = {
			isa = PBXFrameworksBuildPhase;
			buildActionMask = 2147483647;
			files = (
			);
			runOnlyForDeploymentPostprocessing = 0;
		};
/* End PBXFrameworksBuildPhase section */

/* Begin PBXGroup section */
		3B3356D21DECE90A00AD40EA = {
			isa = PBXGroup;
			children = (
				3B3356DD1DECE90A00AD40EA /* fbMessanger */,
				3B3356DC1DECE90A00AD40EA /* Products */,
			);
			sourceTree = "<group>";
		};
		3B3356DC1DECE90A00AD40EA /* Products */ = {
			isa = PBXGroup;
			children = (
				3B3356DB1DECE90A00AD40EA /* fbMessanger.app */,
			);
			name = Products;
			sourceTree = "<group>";
		};
		3B3356DD1DECE90A00AD40EA /* fbMessanger */ = {
			isa = PBXGroup;
			children = (
				3B4058D01DF9EAE20059EF2B /* Controller */,
				3B4058CF1DF9EADC0059EF2B /* Model */,
				3B4058CE1DF9EAD60059EF2B /* View */,
				3B3356DE1DECE90A00AD40EA /* AppDelegate.swift */,
				3B3356E81DECE90A00AD40EA /* Assets.xcassets */,
				3B3356EA1DECE90A00AD40EA /* LaunchScreen.storyboard */,
				3B3356ED1DECE90A00AD40EA /* Info.plist */,
				3B3356E51DECE90A00AD40EA /* fbMessanger.xcdatamodeld */,
			);
			path = fbMessanger;
			sourceTree = "<group>";
		};
		3B4058CE1DF9EAD60059EF2B /* View */ = {
			isa = PBXGroup;
			children = (
			);
			name = View;
			sourceTree = "<group>";
		};
		3B4058CF1DF9EADC0059EF2B /* Model */ = {
			isa = PBXGroup;
			children = (
			);
			name = Model;
			sourceTree = "<group>";
		};
		3B4058D01DF9EAE20059EF2B /* Controller */ = {
			isa = PBXGroup;
			children = (
				3B3356E01DECE90A00AD40EA /* FriendsController.swift */,
				3B4058C71DF9DFEA0059EF2B /* FriendsControllerHelper.swift */,
			);
			name = Controller;
			sourceTree = "<group>";
		};
/* End PBXGroup section */

/* Begin PBXNativeTarget section */
		3B3356DA1DECE90A00AD40EA /* fbMessanger */ = {
			isa = PBXNativeTarget;
			buildConfigurationList = 3B3356F01DECE90A00AD40EA /* Build configuration list for PBXNativeTarget "fbMessanger" */;
			buildPhases = (
				3B3356D71DECE90A00AD40EA /* Sources */,
				3B3356D81DECE90A00AD40EA /* Frameworks */,
				3B3356D91DECE90A00AD40EA /* Resources */,
			);
			buildRules = (
			);
			dependencies = (
			);
			name = fbMessanger;
			productName = fbMessanger;
			productReference = 3B3356DB1DECE90A00AD40EA /* fbMessanger.app */;
			productType = "com.apple.product-type.application";
		};
/* End PBXNativeTarget section */

/* Begin PBXProject section */
		3B3356D31DECE90A00AD40EA /* Project object */ = {
			isa = PBXProject;
			attributes = {
				LastSwiftUpdateCheck = 0810;
				LastUpgradeCheck = 0810;
				ORGANIZATIONNAME = Codecoop;
				TargetAttributes = {
					3B3356DA1DECE90A00AD40EA = {
						CreatedOnToolsVersion = 8.1;
						ProvisioningStyle = Automatic;
					};
				};
			};
			buildConfigurationList = 3B3356D61DECE90A00AD40EA /* Build configuration list for PBXProject "fbMessanger" */;
			compatibilityVersion = "Xcode 3.2";
			developmentRegion = English;
			hasScannedForEncodings = 0;
			knownRegions = (
				en,
				Base,
			);
			mainGroup = 3B3356D21DECE90A00AD40EA;
			productRefGroup = 3B3356DC1DECE90A00AD40EA /* Products */;
			projectDirPath = "";
			projectRoot = "";
			targets = (
				3B3356DA1DECE90A00AD40EA /* fbMessanger */,
			);
		};
/* End PBXProject section */

/* Begin PBXResourcesBuildPhase section */
		3B3356D91DECE90A00AD40EA /* Resources */ = {
			isa = PBXResourcesBuildPhase;
			buildActionMask = 2147483647;
			files = (
				3B3356EC1DECE90A00AD40EA /* LaunchScreen.storyboard in Resources */,
				3B3356E91DECE90A00AD40EA /* Assets.xcassets in Resources */,
			);
			runOnlyForDeploymentPostprocessing = 0;
		};
/* End PBXResourcesBuildPhase section */

/* Begin PBXSourcesBuildPhase section */
		3B3356D71DECE90A00AD40EA /* Sources */ = {
			isa = PBXSourcesBuildPhase;
			buildActionMask = 2147483647;
			files = (
				3B3356E71DECE90A00AD40EA /* fbMessanger.xcdatamodeld in Sources */,
				3B3356E11DECE90A00AD40EA /* FriendsController.swift in Sources */,
				3B3356DF1DECE90A00AD40EA /* AppDelegate.swift in Sources */,
				3B4058C81DF9DFEA0059EF2B /* FriendsControllerHelper.swift in Sources */,
			);
			runOnlyForDeploymentPostprocessing = 0;
		};
/* End PBXSourcesBuildPhase section */

/* Begin PBXVariantGroup section */
		3B3356EA1DECE90A00AD40EA /* LaunchScreen.storyboard */ = {
			isa = PBXVariantGroup;
			children = (
				3B3356EB1DECE90A00AD40EA /* Base */,
			);
			name = LaunchScreen.storyboard;
			sourceTree = "<group>";
		};
/* End PBXVariantGroup section */

/* Begin XCBuildConfiguration section */
		3B3356EE1DECE90A00AD40EA /* Debug */ = {
			isa = XCBuildConfiguration;
			buildSettings = {
				ALWAYS_SEARCH_USER_PATHS = NO;
				CLANG_ANALYZER_NONNULL = YES;
				CLANG_CXX_LANGUAGE_STANDARD = "gnu++0x";
				CLANG_CXX_LIBRARY = "libc++";
				CLANG_ENABLE_MODULES = YES;
				CLANG_ENABLE_OBJC_ARC = YES;
				CLANG_WARN_BOOL_CONVERSION = YES;
				CLANG_WARN_CONSTANT_CONVERSION = YES;
				CLANG_WARN_DIRECT_OBJC_ISA_USAGE = YES_ERROR;
				CLANG_WARN_DOCUMENTATION_COMMENTS = YES;
				CLANG_WARN_EMPTY_BODY = YES;
				CLANG_WARN_ENUM_CONVERSION = YES;
				CLANG_WARN_INFINITE_RECURSION = YES;
				CLANG_WARN_INT_CONVERSION = YES;
				CLANG_WARN_OBJC_ROOT_CLASS = YES_ERROR;
				CLANG_WARN_SUSPICIOUS_MOVES = YES;
				CLANG_WARN_UNREACHABLE_CODE = YES;
				CLANG_WARN__DUPLICATE_METHOD_MATCH = YES;
				"CODE_SIGN_IDENTITY[sdk=iphoneos*]" = "iPhone Developer";
				COPY_PHASE_STRIP = NO;
				DEBUG_INFORMATION_FORMAT = dwarf;
				ENABLE_STRICT_OBJC_MSGSEND = YES;
				ENABLE_TESTABILITY = YES;
				GCC_C_LANGUAGE_STANDARD = gnu99;
				GCC_DYNAMIC_NO_PIC = NO;
				GCC_NO_COMMON_BLOCKS = YES;
				GCC_OPTIMIZATION_LEVEL = 0;
				GCC_PREPROCESSOR_DEFINITIONS = (
					"DEBUG=1",
					"$(inherited)",
				);
				GCC_WARN_64_TO_32_BIT_CONVERSION = YES;
				GCC_WARN_ABOUT_RETURN_TYPE = YES_ERROR;
				GCC_WARN_UNDECLARED_SELECTOR = YES;
				GCC_WARN_UNINITIALIZED_AUTOS = YES_AGGRESSIVE;
				GCC_WARN_UNUSED_FUNCTION = YES;
				GCC_WARN_UNUSED_VARIABLE = YES;
				IPHONEOS_DEPLOYMENT_TARGET = 10.1;
				MTL_ENABLE_DEBUG_INFO = YES;
				ONLY_ACTIVE_ARCH = YES;
				SDKROOT = iphoneos;
				SWIFT_ACTIVE_COMPILATION_CONDITIONS = DEBUG;
				SWIFT_OPTIMIZATION_LEVEL = "-Onone";
				TARGETED_DEVICE_FAMILY = "1,2";
			};
			name = Debug;
		};
		3B3356EF1DECE90A00AD40EA /* Release */ = {
			isa = XCBuildConfiguration;
			buildSettings = {
				ALWAYS_SEARCH_USER_PATHS = NO;
				CLANG_ANALYZER_NONNULL = YES;
				CLANG_CXX_LANGUAGE_STANDARD = "gnu++0x";
				CLANG_CXX_LIBRARY = "libc++";
				CLANG_ENABLE_MODULES = YES;
				CLANG_ENABLE_OBJC_ARC = YES;
				CLANG_WARN_BOOL_CONVERSION = YES;
				CLANG_WARN_CONSTANT_CONVERSION = YES;
				CLANG_WARN_DIRECT_OBJC_ISA_USAGE = YES_ERROR;
				CLANG_WARN_DOCUMENTATION_COMMENTS = YES;
				CLANG_WARN_EMPTY_BODY = YES;
				CLANG_WARN_ENUM_CONVERSION = YES;
				CLANG_WARN_INFINITE_RECURSION = YES;
				CLANG_WARN_INT_CONVERSION = YES;
				CLANG_WARN_OBJC_ROOT_CLASS = YES_ERROR;
				CLANG_WARN_SUSPICIOUS_MOVES = YES;
				CLANG_WARN_UNREACHABLE_CODE = YES;
				CLANG_WARN__DUPLICATE_METHOD_MATCH = YES;
				"CODE_SIGN_IDENTITY[sdk=iphoneos*]" = "iPhone Developer";
				COPY_PHASE_STRIP = NO;
				DEBUG_INFORMATION_FORMAT = "dwarf-with-dsym";
				ENABLE_NS_ASSERTIONS = NO;
				ENABLE_STRICT_OBJC_MSGSEND = YES;
				GCC_C_LANGUAGE_STANDARD = gnu99;
				GCC_NO_COMMON_BLOCKS = YES;
				GCC_WARN_64_TO_32_BIT_CONVERSION = YES;
				GCC_WARN_ABOUT_RETURN_TYPE = YES_ERROR;
				GCC_WARN_UNDECLARED_SELECTOR = YES;
				GCC_WARN_UNINITIALIZED_AUTOS = YES_AGGRESSIVE;
				GCC_WARN_UNUSED_FUNCTION = YES;
				GCC_WARN_UNUSED_VARIABLE = YES;
				IPHONEOS_DEPLOYMENT_TARGET = 10.1;
				MTL_ENABLE_DEBUG_INFO = NO;
				SDKROOT = iphoneos;
				SWIFT_OPTIMIZATION_LEVEL = "-Owholemodule";
				TARGETED_DEVICE_FAMILY = "1,2";
				VALIDATE_PRODUCT = YES;
			};
			name = Release;
		};
		3B3356F11DECE90A00AD40EA /* Debug */ = {
			isa = XCBuildConfiguration;
			buildSettings = {
				ASSETCATALOG_COMPILER_APPICON_NAME = AppIcon;
				INFOPLIST_FILE = fbMessanger/Info.plist;
				LD_RUNPATH_SEARCH_PATHS = "$(inherited) @executable_path/Frameworks";
				PRODUCT_BUNDLE_IDENTIFIER = com.codecoop.fbMessanger;
				PRODUCT_NAME = "$(TARGET_NAME)";
				SWIFT_VERSION = 3.0;
			};
			name = Debug;
		};
		3B3356F21DECE90A00AD40EA /* Release */ = {
			isa = XCBuildConfiguration;
			buildSettings = {
				ASSETCATALOG_COMPILER_APPICON_NAME = AppIcon;
				INFOPLIST_FILE = fbMessanger/Info.plist;
				LD_RUNPATH_SEARCH_PATHS = "$(inherited) @executable_path/Frameworks";
				PRODUCT_BUNDLE_IDENTIFIER = com.codecoop.fbMessanger;
				PRODUCT_NAME = "$(TARGET_NAME)";
				SWIFT_VERSION = 3.0;
			};
			name = Release;
		};
/* End XCBuildConfiguration section */

/* Begin XCConfigurationList section */
		3B3356D61DECE90A00AD40EA /* Build configuration list for PBXProject "fbMessanger" */ = {
			isa = XCConfigurationList;
			buildConfigurations = (
				3B3356EE1DECE90A00AD40EA /* Debug */,
				3B3356EF1DECE90A00AD40EA /* Release */,
			);
			defaultConfigurationIsVisible = 0;
			defaultConfigurationName = Release;
		};
		3B3356F01DECE90A00AD40EA /* Build configuration list for PBXNativeTarget "fbMessanger" */ = {
			isa = XCConfigurationList;
			buildConfigurations = (
				3B3356F11DECE90A00AD40EA /* Debug */,
				3B3356F21DECE90A00AD40EA /* Release */,
			);
			defaultConfigurationIsVisible = 0;
			defaultConfigurationName = Release;
		};
/* End XCConfigurationList section */

/* Begin XCVersionGroup section */
		3B3356E51DECE90A00AD40EA /* fbMessanger.xcdatamodeld */ = {
			isa = XCVersionGroup;
			children = (
				3B3356E61DECE90A00AD40EA /* fbMessanger.xcdatamodel */,
			);
			currentVersion = 3B3356E61DECE90A00AD40EA /* fbMessanger.xcdatamodel */;
			path = fbMessanger.xcdatamodeld;
			sourceTree = "<group>";
			versionGroupType = wrapper.xcdatamodel;
		};
/* End XCVersionGroup section */
	};
	rootObject = 3B3356D31DECE90A00AD40EA /* Project object */;
}
