// !$*UTF8*$!
{
	archiveVersion = 1;
	classes = {
	};
	objectVersion = 46;
	objects = {

/* Begin PBXBuildFile section */
		3B3D018B1D91F342007702C9 /* AppDelegate.swift in Sources */ = {isa = PBXBuildFile; fileRef = 3B3D018A1D91F342007702C9 /* AppDelegate.swift */; };
		3B3D018D1D91F342007702C9 /* ViewController.swift in Sources */ = {isa = PBXBuildFile; fileRef = 3B3D018C1D91F342007702C9 /* ViewController.swift */; };
		3B3D01901D91F342007702C9 /* Main.storyboard in Resources */ = {isa = PBXBuildFile; fileRef = 3B3D018E1D91F342007702C9 /* Main.storyboard */; };
		3B3D01921D91F342007702C9 /* Assets.xcassets in Resources */ = {isa = PBXBuildFile; fileRef = 3B3D01911D91F342007702C9 /* Assets.xcassets */; };
		3B3D01951D91F343007702C9 /* LaunchScreen.storyboard in Resources */ = {isa = PBXBuildFile; fileRef = 3B3D01931D91F343007702C9 /* LaunchScreen.storyboard */; };
/* End PBXBuildFile section */

/* Begin PBXFileReference section */
		3B3D01871D91F342007702C9 /* sizeMeUp.app */ = {isa = PBXFileReference; explicitFileType = wrapper.application; includeInIndex = 0; path = sizeMeUp.app; sourceTree = BUILT_PRODUCTS_DIR; };
		3B3D018A1D91F342007702C9 /* AppDelegate.swift */ = {isa = PBXFileReference; lastKnownFileType = sourcecode.swift; path = AppDelegate.swift; sourceTree = "<group>"; };
		3B3D018C1D91F342007702C9 /* ViewController.swift */ = {isa = PBXFileReference; lastKnownFileType = sourcecode.swift; path = ViewController.swift; sourceTree = "<group>"; };
		3B3D018F1D91F342007702C9 /* Base */ = {isa = PBXFileReference; lastKnownFileType = file.storyboard; name = Base; path = Base.lproj/Main.storyboard; sourceTree = "<group>"; };
		3B3D01911D91F342007702C9 /* Assets.xcassets */ = {isa = PBXFileReference; lastKnownFileType = folder.assetcatalog; path = Assets.xcassets; sourceTree = "<group>"; };
		3B3D01941D91F343007702C9 /* Base */ = {isa = PBXFileReference; lastKnownFileType = file.storyboard; name = Base; path = Base.lproj/LaunchScreen.storyboard; sourceTree = "<group>"; };
		3B3D01961D91F343007702C9 /* Info.plist */ = {isa = PBXFileReference; lastKnownFileType = text.plist.xml; path = Info.plist; sourceTree = "<group>"; };
/* End PBXFileReference section */

/* Begin PBXFrameworksBuildPhase section */
		3B3D01841D91F342007702C9 /* Frameworks */ = {
			isa = PBXFrameworksBuildPhase;
			buildActionMask = 2147483647;
			files = (
			);
			runOnlyForDeploymentPostprocessing = 0;
		};
/* End PBXFrameworksBuildPhase section */

/* Begin PBXGroup section */
		3B3D017E1D91F342007702C9 = {
			isa = PBXGroup;
			children = (
				3B3D01891D91F342007702C9 /* sizeMeUp */,
				3B3D01881D91F342007702C9 /* Products */,
			);
			sourceTree = "<group>";
		};
		3B3D01881D91F342007702C9 /* Products */ = {
			isa = PBXGroup;
			children = (
				3B3D01871D91F342007702C9 /* sizeMeUp.app */,
			);
			name = Products;
			sourceTree = "<group>";
		};
		3B3D01891D91F342007702C9 /* sizeMeUp */ = {
			isa = PBXGroup;
			children = (
				3B3D018A1D91F342007702C9 /* AppDelegate.swift */,
				3B3D018C1D91F342007702C9 /* ViewController.swift */,
				3B3D018E1D91F342007702C9 /* Main.storyboard */,
				3B3D01911D91F342007702C9 /* Assets.xcassets */,
				3B3D01931D91F343007702C9 /* LaunchScreen.storyboard */,
				3B3D01961D91F343007702C9 /* Info.plist */,
			);
			path = sizeMeUp;
			sourceTree = "<group>";
		};
/* End PBXGroup section */

/* Begin PBXNativeTarget section */
		3B3D01861D91F342007702C9 /* sizeMeUp */ = {
			isa = PBXNativeTarget;
			buildConfigurationList = 3B3D01991D91F343007702C9 /* Build configuration list for PBXNativeTarget "sizeMeUp" */;
			buildPhases = (
				3B3D01831D91F342007702C9 /* Sources */,
				3B3D01841D91F342007702C9 /* Frameworks */,
				3B3D01851D91F342007702C9 /* Resources */,
			);
			buildRules = (
			);
			dependencies = (
			);
			name = sizeMeUp;
			productName = sizeMeUp;
			productReference = 3B3D01871D91F342007702C9 /* sizeMeUp.app */;
			productType = "com.apple.product-type.application";
		};
/* End PBXNativeTarget section */

/* Begin PBXProject section */
		3B3D017F1D91F342007702C9 /* Project object */ = {
			isa = PBXProject;
			attributes = {
				LastSwiftUpdateCheck = 0800;
				LastUpgradeCheck = 0800;
				ORGANIZATIONNAME = Codecoop;
				TargetAttributes = {
					3B3D01861D91F342007702C9 = {
						CreatedOnToolsVersion = 8.0;
						DevelopmentTeam = G87HSJL39V;
						ProvisioningStyle = Automatic;
					};
				};
			};
			buildConfigurationList = 3B3D01821D91F342007702C9 /* Build configuration list for PBXProject "sizeMeUp" */;
			compatibilityVersion = "Xcode 3.2";
			developmentRegion = English;
			hasScannedForEncodings = 0;
			knownRegions = (
				en,
				Base,
			);
			mainGroup = 3B3D017E1D91F342007702C9;
			productRefGroup = 3B3D01881D91F342007702C9 /* Products */;
			projectDirPath = "";
			projectRoot = "";
			targets = (
				3B3D01861D91F342007702C9 /* sizeMeUp */,
			);
		};
/* End PBXProject section */

/* Begin PBXResourcesBuildPhase section */
		3B3D01851D91F342007702C9 /* Resources */ = {
			isa = PBXResourcesBuildPhase;
			buildActionMask = 2147483647;
			files = (
				3B3D01951D91F343007702C9 /* LaunchScreen.storyboard in Resources */,
				3B3D01921D91F342007702C9 /* Assets.xcassets in Resources */,
				3B3D01901D91F342007702C9 /* Main.storyboard in Resources */,
			);
			runOnlyForDeploymentPostprocessing = 0;
		};
/* End PBXResourcesBuildPhase section */

/* Begin PBXSourcesBuildPhase section */
		3B3D01831D91F342007702C9 /* Sources */ = {
			isa = PBXSourcesBuildPhase;
			buildActionMask = 2147483647;
			files = (
				3B3D018D1D91F342007702C9 /* ViewController.swift in Sources */,
				3B3D018B1D91F342007702C9 /* AppDelegate.swift in Sources */,
			);
			runOnlyForDeploymentPostprocessing = 0;
		};
/* End PBXSourcesBuildPhase section */

/* Begin PBXVariantGroup section */
		3B3D018E1D91F342007702C9 /* Main.storyboard */ = {
			isa = PBXVariantGroup;
			children = (
				3B3D018F1D91F342007702C9 /* Base */,
			);
			name = Main.storyboard;
			sourceTree = "<group>";
		};
		3B3D01931D91F343007702C9 /* LaunchScreen.storyboard */ = {
			isa = PBXVariantGroup;
			children = (
				3B3D01941D91F343007702C9 /* Base */,
			);
			name = LaunchScreen.storyboard;
			sourceTree = "<group>";
		};
/* End PBXVariantGroup section */

/* Begin XCBuildConfiguration section */
		3B3D01971D91F343007702C9 /* Debug */ = {
			isa = XCBuildConfiguration;
			buildSettings = {
				ALWAYS_SEARCH_USER_PATHS = NO;
				CLANG_ANALYZER_NONNULL = YES;
				CLANG_CXX_LANGUAGE_STANDARD = "gnu++0x";
				CLANG_CXX_LIBRARY = "libc++";
				CLANG_ENABLE_MODULES = YES;
				CLANG_ENABLE_OBJC_ARC = YES;
				CLANG_WARN_BOOL_CONVERSION = YES;
				CLANG_WARN_CONSTANT_CONVERSION = YES;
				CLANG_WARN_DIRECT_OBJC_ISA_USAGE = YES_ERROR;
				CLANG_WARN_DOCUMENTATION_COMMENTS = YES;
				CLANG_WARN_EMPTY_BODY = YES;
				CLANG_WARN_ENUM_CONVERSION = YES;
				CLANG_WARN_INFINITE_RECURSION = YES;
				CLANG_WARN_INT_CONVERSION = YES;
				CLANG_WARN_OBJC_ROOT_CLASS = YES_ERROR;
				CLANG_WARN_SUSPICIOUS_MOVES = YES;
				CLANG_WARN_UNREACHABLE_CODE = YES;
				CLANG_WARN__DUPLICATE_METHOD_MATCH = YES;
				"CODE_SIGN_IDENTITY[sdk=iphoneos*]" = "iPhone Developer";
				COPY_PHASE_STRIP = NO;
				DEBUG_INFORMATION_FORMAT = dwarf;
				ENABLE_STRICT_OBJC_MSGSEND = YES;
				ENABLE_TESTABILITY = YES;
				GCC_C_LANGUAGE_STANDARD = gnu99;
				GCC_DYNAMIC_NO_PIC = NO;
				GCC_NO_COMMON_BLOCKS = YES;
				GCC_OPTIMIZATION_LEVEL = 0;
				GCC_PREPROCESSOR_DEFINITIONS = (
					"DEBUG=1",
					"$(inherited)",
				);
				GCC_WARN_64_TO_32_BIT_CONVERSION = YES;
				GCC_WARN_ABOUT_RETURN_TYPE = YES_ERROR;
				GCC_WARN_UNDECLARED_SELECTOR = YES;
				GCC_WARN_UNINITIALIZED_AUTOS = YES_AGGRESSIVE;
				GCC_WARN_UNUSED_FUNCTION = YES;
				GCC_WARN_UNUSED_VARIABLE = YES;
				IPHONEOS_DEPLOYMENT_TARGET = 10.0;
				MTL_ENABLE_DEBUG_INFO = YES;
				ONLY_ACTIVE_ARCH = YES;
				SDKROOT = iphoneos;
				SWIFT_ACTIVE_COMPILATION_CONDITIONS = DEBUG;
				SWIFT_OPTIMIZATION_LEVEL = "-Onone";
				TARGETED_DEVICE_FAMILY = "1,2";
			};
			name = Debug;
		};
		3B3D01981D91F343007702C9 /* Release */ = {
			isa = XCBuildConfiguration;
			buildSettings = {
				ALWAYS_SEARCH_USER_PATHS = NO;
				CLANG_ANALYZER_NONNULL = YES;
				CLANG_CXX_LANGUAGE_STANDARD = "gnu++0x";
				CLANG_CXX_LIBRARY = "libc++";
				CLANG_ENABLE_MODULES = YES;
				CLANG_ENABLE_OBJC_ARC = YES;
				CLANG_WARN_BOOL_CONVERSION = YES;
				CLANG_WARN_CONSTANT_CONVERSION = YES;
				CLANG_WARN_DIRECT_OBJC_ISA_USAGE = YES_ERROR;
				CLANG_WARN_DOCUMENTATION_COMMENTS = YES;
				CLANG_WARN_EMPTY_BODY = YES;
				CLANG_WARN_ENUM_CONVERSION = YES;
				CLANG_WARN_INFINITE_RECURSION = YES;
				CLANG_WARN_INT_CONVERSION = YES;
				CLANG_WARN_OBJC_ROOT_CLASS = YES_ERROR;
				CLANG_WARN_SUSPICIOUS_MOVES = YES;
				CLANG_WARN_UNREACHABLE_CODE = YES;
				CLANG_WARN__DUPLICATE_METHOD_MATCH = YES;
				"CODE_SIGN_IDENTITY[sdk=iphoneos*]" = "iPhone Developer";
				COPY_PHASE_STRIP = NO;
				DEBUG_INFORMATION_FORMAT = "dwarf-with-dsym";
				ENABLE_NS_ASSERTIONS = NO;
				ENABLE_STRICT_OBJC_MSGSEND = YES;
				GCC_C_LANGUAGE_STANDARD = gnu99;
				GCC_NO_COMMON_BLOCKS = YES;
				GCC_WARN_64_TO_32_BIT_CONVERSION = YES;
				GCC_WARN_ABOUT_RETURN_TYPE = YES_ERROR;
				GCC_WARN_UNDECLARED_SELECTOR = YES;
				GCC_WARN_UNINITIALIZED_AUTOS = YES_AGGRESSIVE;
				GCC_WARN_UNUSED_FUNCTION = YES;
				GCC_WARN_UNUSED_VARIABLE = YES;
				IPHONEOS_DEPLOYMENT_TARGET = 10.0;
				MTL_ENABLE_DEBUG_INFO = NO;
				SDKROOT = iphoneos;
				SWIFT_OPTIMIZATION_LEVEL = "-Owholemodule";
				TARGETED_DEVICE_FAMILY = "1,2";
				VALIDATE_PRODUCT = YES;
			};
			name = Release;
		};
		3B3D019A1D91F343007702C9 /* Debug */ = {
			isa = XCBuildConfiguration;
			buildSettings = {
				ASSETCATALOG_COMPILER_APPICON_NAME = AppIcon;
				DEVELOPMENT_TEAM = G87HSJL39V;
				INFOPLIST_FILE = sizeMeUp/Info.plist;
				LD_RUNPATH_SEARCH_PATHS = "$(inherited) @executable_path/Frameworks";
				PRODUCT_BUNDLE_IDENTIFIER = com.codecoop.sizeMeUp;
				PRODUCT_NAME = "$(TARGET_NAME)";
				SWIFT_VERSION = 3.0;
			};
			name = Debug;
		};
		3B3D019B1D91F343007702C9 /* Release */ = {
			isa = XCBuildConfiguration;
			buildSettings = {
				ASSETCATALOG_COMPILER_APPICON_NAME = AppIcon;
				DEVELOPMENT_TEAM = G87HSJL39V;
				INFOPLIST_FILE = sizeMeUp/Info.plist;
				LD_RUNPATH_SEARCH_PATHS = "$(inherited) @executable_path/Frameworks";
				PRODUCT_BUNDLE_IDENTIFIER = com.codecoop.sizeMeUp;
				PRODUCT_NAME = "$(TARGET_NAME)";
				SWIFT_VERSION = 3.0;
			};
			name = Release;
		};
/* End XCBuildConfiguration section */

/* Begin XCConfigurationList section */
		3B3D01821D91F342007702C9 /* Build configuration list for PBXProject "sizeMeUp" */ = {
			isa = XCConfigurationList;
			buildConfigurations = (
				3B3D01971D91F343007702C9 /* Debug */,
				3B3D01981D91F343007702C9 /* Release */,
			);
			defaultConfigurationIsVisible = 0;
			defaultConfigurationName = Release;
		};
		3B3D01991D91F343007702C9 /* Build configuration list for PBXNativeTarget "sizeMeUp" */ = {
			isa = XCConfigurationList;
			buildConfigurations = (
				3B3D019A1D91F343007702C9 /* Debug */,
				3B3D019B1D91F343007702C9 /* Release */,
			);
			defaultConfigurationIsVisible = 0;
		};
/* End XCConfigurationList section */
	};
	rootObject = 3B3D017F1D91F342007702C9 /* Project object */;
}
