// !$*UTF8*$!
{
	archiveVersion = 1;
	classes = {
	};
	objectVersion = 46;
	objects = {

/* Begin PBXBuildFile section */
		3B3D01A91D9201C4007702C9 /* AppDelegate.swift in Sources */ = {isa = PBXBuildFile; fileRef = 3B3D01A81D9201C4007702C9 /* AppDelegate.swift */; };
		3B3D01AB1D9201C4007702C9 /* MainViewController.swift in Sources */ = {isa = PBXBuildFile; fileRef = 3B3D01AA1D9201C4007702C9 /* MainViewController.swift */; };
		3B3D01AE1D9201C4007702C9 /* Main.storyboard in Resources */ = {isa = PBXBuildFile; fileRef = 3B3D01AC1D9201C4007702C9 /* Main.storyboard */; };
		3B3D01B01D9201C4007702C9 /* Assets.xcassets in Resources */ = {isa = PBXBuildFile; fileRef = 3B3D01AF1D9201C4007702C9 /* Assets.xcassets */; };
		3B3D01B31D9201C4007702C9 /* LaunchScreen.storyboard in Resources */ = {isa = PBXBuildFile; fileRef = 3B3D01B11D9201C4007702C9 /* LaunchScreen.storyboard */; };
		3B3D01BE1D92086F007702C9 /* still time.ttf in Resources */ = {isa = PBXBuildFile; fileRef = 3B3D01BD1D92086F007702C9 /* still time.ttf */; };
		3B3D01C11D92095C007702C9 /* VideoViewController.swift in Sources */ = {isa = PBXBuildFile; fileRef = 3B3D01C01D92095C007702C9 /* VideoViewController.swift */; };
		3B3D01C31D920A41007702C9 /* PartyCell.swift in Sources */ = {isa = PBXBuildFile; fileRef = 3B3D01C21D920A41007702C9 /* PartyCell.swift */; };
		3B3D01C51D920B2D007702C9 /* partyRock.swift in Sources */ = {isa = PBXBuildFile; fileRef = 3B3D01C41D920B2D007702C9 /* partyRock.swift */; };
/* End PBXBuildFile section */

/* Begin PBXFileReference section */
		3B3D01A51D9201C4007702C9 /* PartyRockApp.app */ = {isa = PBXFileReference; explicitFileType = wrapper.application; includeInIndex = 0; path = PartyRockApp.app; sourceTree = BUILT_PRODUCTS_DIR; };
		3B3D01A81D9201C4007702C9 /* AppDelegate.swift */ = {isa = PBXFileReference; lastKnownFileType = sourcecode.swift; path = AppDelegate.swift; sourceTree = "<group>"; };
		3B3D01AA1D9201C4007702C9 /* MainViewController.swift */ = {isa = PBXFileReference; lastKnownFileType = sourcecode.swift; path = MainViewController.swift; sourceTree = "<group>"; };
		3B3D01AD1D9201C4007702C9 /* Base */ = {isa = PBXFileReference; lastKnownFileType = file.storyboard; name = Base; path = Base.lproj/Main.storyboard; sourceTree = "<group>"; };
		3B3D01AF1D9201C4007702C9 /* Assets.xcassets */ = {isa = PBXFileReference; lastKnownFileType = folder.assetcatalog; path = Assets.xcassets; sourceTree = "<group>"; };
		3B3D01B21D9201C4007702C9 /* Base */ = {isa = PBXFileReference; lastKnownFileType = file.storyboard; name = Base; path = Base.lproj/LaunchScreen.storyboard; sourceTree = "<group>"; };
		3B3D01B41D9201C4007702C9 /* Info.plist */ = {isa = PBXFileReference; lastKnownFileType = text.plist.xml; path = Info.plist; sourceTree = "<group>"; };
		3B3D01BD1D92086F007702C9 /* still time.ttf */ = {isa = PBXFileReference; lastKnownFileType = file; path = "still time.ttf"; sourceTree = "<group>"; };
		3B3D01C01D92095C007702C9 /* VideoViewController.swift */ = {isa = PBXFileReference; fileEncoding = 4; lastKnownFileType = sourcecode.swift; path = VideoViewController.swift; sourceTree = "<group>"; };
		3B3D01C21D920A41007702C9 /* PartyCell.swift */ = {isa = PBXFileReference; fileEncoding = 4; lastKnownFileType = sourcecode.swift; path = PartyCell.swift; sourceTree = "<group>"; };
		3B3D01C41D920B2D007702C9 /* partyRock.swift */ = {isa = PBXFileReference; fileEncoding = 4; lastKnownFileType = sourcecode.swift; path = partyRock.swift; sourceTree = "<group>"; };
/* End PBXFileReference section */

/* Begin PBXFrameworksBuildPhase section */
		3B3D01A21D9201C4007702C9 /* Frameworks */ = {
			isa = PBXFrameworksBuildPhase;
			buildActionMask = 2147483647;
			files = (
			);
			runOnlyForDeploymentPostprocessing = 0;
		};
/* End PBXFrameworksBuildPhase section */

/* Begin PBXGroup section */
		3B3D019C1D9201C4007702C9 = {
			isa = PBXGroup;
			children = (
				3B3D01A71D9201C4007702C9 /* PartyRockApp */,
				3B3D01A61D9201C4007702C9 /* Products */,
			);
			sourceTree = "<group>";
		};
		3B3D01A61D9201C4007702C9 /* Products */ = {
			isa = PBXGroup;
			children = (
				3B3D01A51D9201C4007702C9 /* PartyRockApp.app */,
			);
			name = Products;
			sourceTree = "<group>";
		};
		3B3D01A71D9201C4007702C9 /* PartyRockApp */ = {
			isa = PBXGroup;
			children = (
				3B3D01BF1D920879007702C9 /* Utils */,
				3B3D01BC1D9202B2007702C9 /* Controller */,
				3B3D01BB1D9202A9007702C9 /* View */,
				3B3D01BA1D9202A5007702C9 /* Model */,
				3B3D01A81D9201C4007702C9 /* AppDelegate.swift */,
				3B3D01AC1D9201C4007702C9 /* Main.storyboard */,
				3B3D01AF1D9201C4007702C9 /* Assets.xcassets */,
				3B3D01B11D9201C4007702C9 /* LaunchScreen.storyboard */,
				3B3D01B41D9201C4007702C9 /* Info.plist */,
			);
			path = PartyRockApp;
			sourceTree = "<group>";
		};
		3B3D01BA1D9202A5007702C9 /* Model */ = {
			isa = PBXGroup;
			children = (
				3B3D01C41D920B2D007702C9 /* partyRock.swift */,
			);
			name = Model;
			sourceTree = "<group>";
		};
		3B3D01BB1D9202A9007702C9 /* View */ = {
			isa = PBXGroup;
			children = (
				3B3D01C21D920A41007702C9 /* PartyCell.swift */,
			);
			name = View;
			sourceTree = "<group>";
		};
		3B3D01BC1D9202B2007702C9 /* Controller */ = {
			isa = PBXGroup;
			children = (
				3B3D01AA1D9201C4007702C9 /* MainViewController.swift */,
				3B3D01C01D92095C007702C9 /* VideoViewController.swift */,
			);
			name = Controller;
			sourceTree = "<group>";
		};
		3B3D01BF1D920879007702C9 /* Utils */ = {
			isa = PBXGroup;
			children = (
				3B3D01BD1D92086F007702C9 /* still time.ttf */,
			);
			name = Utils;
			sourceTree = "<group>";
		};
/* End PBXGroup section */

/* Begin PBXNativeTarget section */
		3B3D01A41D9201C4007702C9 /* PartyRockApp */ = {
			isa = PBXNativeTarget;
			buildConfigurationList = 3B3D01B71D9201C4007702C9 /* Build configuration list for PBXNativeTarget "PartyRockApp" */;
			buildPhases = (
				3B3D01A11D9201C4007702C9 /* Sources */,
				3B3D01A21D9201C4007702C9 /* Frameworks */,
				3B3D01A31D9201C4007702C9 /* Resources */,
			);
			buildRules = (
			);
			dependencies = (
			);
			name = PartyRockApp;
			productName = PartyRockApp;
			productReference = 3B3D01A51D9201C4007702C9 /* PartyRockApp.app */;
			productType = "com.apple.product-type.application";
		};
/* End PBXNativeTarget section */

/* Begin PBXProject section */
		3B3D019D1D9201C4007702C9 /* Project object */ = {
			isa = PBXProject;
			attributes = {
				LastSwiftUpdateCheck = 0800;
				LastUpgradeCheck = 0800;
				ORGANIZATIONNAME = Codecoop;
				TargetAttributes = {
					3B3D01A41D9201C4007702C9 = {
						CreatedOnToolsVersion = 8.0;
						DevelopmentTeam = G87HSJL39V;
						ProvisioningStyle = Automatic;
					};
				};
			};
			buildConfigurationList = 3B3D01A01D9201C4007702C9 /* Build configuration list for PBXProject "PartyRockApp" */;
			compatibilityVersion = "Xcode 3.2";
			developmentRegion = English;
			hasScannedForEncodings = 0;
			knownRegions = (
				en,
				Base,
			);
			mainGroup = 3B3D019C1D9201C4007702C9;
			productRefGroup = 3B3D01A61D9201C4007702C9 /* Products */;
			projectDirPath = "";
			projectRoot = "";
			targets = (
				3B3D01A41D9201C4007702C9 /* PartyRockApp */,
			);
		};
/* End PBXProject section */

/* Begin PBXResourcesBuildPhase section */
		3B3D01A31D9201C4007702C9 /* Resources */ = {
			isa = PBXResourcesBuildPhase;
			buildActionMask = 2147483647;
			files = (
				3B3D01B31D9201C4007702C9 /* LaunchScreen.storyboard in Resources */,
				3B3D01BE1D92086F007702C9 /* still time.ttf in Resources */,
				3B3D01B01D9201C4007702C9 /* Assets.xcassets in Resources */,
				3B3D01AE1D9201C4007702C9 /* Main.storyboard in Resources */,
			);
			runOnlyForDeploymentPostprocessing = 0;
		};
/* End PBXResourcesBuildPhase section */

/* Begin PBXSourcesBuildPhase section */
		3B3D01A11D9201C4007702C9 /* Sources */ = {
			isa = PBXSourcesBuildPhase;
			buildActionMask = 2147483647;
			files = (
				3B3D01AB1D9201C4007702C9 /* MainViewController.swift in Sources */,
				3B3D01C51D920B2D007702C9 /* partyRock.swift in Sources */,
				3B3D01A91D9201C4007702C9 /* AppDelegate.swift in Sources */,
				3B3D01C31D920A41007702C9 /* PartyCell.swift in Sources */,
				3B3D01C11D92095C007702C9 /* VideoViewController.swift in Sources */,
			);
			runOnlyForDeploymentPostprocessing = 0;
		};
/* End PBXSourcesBuildPhase section */

/* Begin PBXVariantGroup section */
		3B3D01AC1D9201C4007702C9 /* Main.storyboard */ = {
			isa = PBXVariantGroup;
			children = (
				3B3D01AD1D9201C4007702C9 /* Base */,
			);
			name = Main.storyboard;
			sourceTree = "<group>";
		};
		3B3D01B11D9201C4007702C9 /* LaunchScreen.storyboard */ = {
			isa = PBXVariantGroup;
			children = (
				3B3D01B21D9201C4007702C9 /* Base */,
			);
			name = LaunchScreen.storyboard;
			sourceTree = "<group>";
		};
/* End PBXVariantGroup section */

/* Begin XCBuildConfiguration section */
		3B3D01B51D9201C4007702C9 /* Debug */ = {
			isa = XCBuildConfiguration;
			buildSettings = {
				ALWAYS_SEARCH_USER_PATHS = NO;
				CLANG_ANALYZER_NONNULL = YES;
				CLANG_CXX_LANGUAGE_STANDARD = "gnu++0x";
				CLANG_CXX_LIBRARY = "libc++";
				CLANG_ENABLE_MODULES = YES;
				CLANG_ENABLE_OBJC_ARC = YES;
				CLANG_WARN_BOOL_CONVERSION = YES;
				CLANG_WARN_CONSTANT_CONVERSION = YES;
				CLANG_WARN_DIRECT_OBJC_ISA_USAGE = YES_ERROR;
				CLANG_WARN_DOCUMENTATION_COMMENTS = YES;
				CLANG_WARN_EMPTY_BODY = YES;
				CLANG_WARN_ENUM_CONVERSION = YES;
				CLANG_WARN_INFINITE_RECURSION = YES;
				CLANG_WARN_INT_CONVERSION = YES;
				CLANG_WARN_OBJC_ROOT_CLASS = YES_ERROR;
				CLANG_WARN_SUSPICIOUS_MOVES = YES;
				CLANG_WARN_UNREACHABLE_CODE = YES;
				CLANG_WARN__DUPLICATE_METHOD_MATCH = YES;
				"CODE_SIGN_IDENTITY[sdk=iphoneos*]" = "iPhone Developer";
				COPY_PHASE_STRIP = NO;
				DEBUG_INFORMATION_FORMAT = dwarf;
				ENABLE_STRICT_OBJC_MSGSEND = YES;
				ENABLE_TESTABILITY = YES;
				GCC_C_LANGUAGE_STANDARD = gnu99;
				GCC_DYNAMIC_NO_PIC = NO;
				GCC_NO_COMMON_BLOCKS = YES;
				GCC_OPTIMIZATION_LEVEL = 0;
				GCC_PREPROCESSOR_DEFINITIONS = (
					"DEBUG=1",
					"$(inherited)",
				);
				GCC_WARN_64_TO_32_BIT_CONVERSION = YES;
				GCC_WARN_ABOUT_RETURN_TYPE = YES_ERROR;
				GCC_WARN_UNDECLARED_SELECTOR = YES;
				GCC_WARN_UNINITIALIZED_AUTOS = YES_AGGRESSIVE;
				GCC_WARN_UNUSED_FUNCTION = YES;
				GCC_WARN_UNUSED_VARIABLE = YES;
				IPHONEOS_DEPLOYMENT_TARGET = 10.0;
				MTL_ENABLE_DEBUG_INFO = YES;
				ONLY_ACTIVE_ARCH = YES;
				SDKROOT = iphoneos;
				SWIFT_ACTIVE_COMPILATION_CONDITIONS = DEBUG;
				SWIFT_OPTIMIZATION_LEVEL = "-Onone";
				TARGETED_DEVICE_FAMILY = "1,2";
			};
			name = Debug;
		};
		3B3D01B61D9201C4007702C9 /* Release */ = {
			isa = XCBuildConfiguration;
			buildSettings = {
				ALWAYS_SEARCH_USER_PATHS = NO;
				CLANG_ANALYZER_NONNULL = YES;
				CLANG_CXX_LANGUAGE_STANDARD = "gnu++0x";
				CLANG_CXX_LIBRARY = "libc++";
				CLANG_ENABLE_MODULES = YES;
				CLANG_ENABLE_OBJC_ARC = YES;
				CLANG_WARN_BOOL_CONVERSION = YES;
				CLANG_WARN_CONSTANT_CONVERSION = YES;
				CLANG_WARN_DIRECT_OBJC_ISA_USAGE = YES_ERROR;
				CLANG_WARN_DOCUMENTATION_COMMENTS = YES;
				CLANG_WARN_EMPTY_BODY = YES;
				CLANG_WARN_ENUM_CONVERSION = YES;
				CLANG_WARN_INFINITE_RECURSION = YES;
				CLANG_WARN_INT_CONVERSION = YES;
				CLANG_WARN_OBJC_ROOT_CLASS = YES_ERROR;
				CLANG_WARN_SUSPICIOUS_MOVES = YES;
				CLANG_WARN_UNREACHABLE_CODE = YES;
				CLANG_WARN__DUPLICATE_METHOD_MATCH = YES;
				"CODE_SIGN_IDENTITY[sdk=iphoneos*]" = "iPhone Developer";
				COPY_PHASE_STRIP = NO;
				DEBUG_INFORMATION_FORMAT = "dwarf-with-dsym";
				ENABLE_NS_ASSERTIONS = NO;
				ENABLE_STRICT_OBJC_MSGSEND = YES;
				GCC_C_LANGUAGE_STANDARD = gnu99;
				GCC_NO_COMMON_BLOCKS = YES;
				GCC_WARN_64_TO_32_BIT_CONVERSION = YES;
				GCC_WARN_ABOUT_RETURN_TYPE = YES_ERROR;
				GCC_WARN_UNDECLARED_SELECTOR = YES;
				GCC_WARN_UNINITIALIZED_AUTOS = YES_AGGRESSIVE;
				GCC_WARN_UNUSED_FUNCTION = YES;
				GCC_WARN_UNUSED_VARIABLE = YES;
				IPHONEOS_DEPLOYMENT_TARGET = 10.0;
				MTL_ENABLE_DEBUG_INFO = NO;
				SDKROOT = iphoneos;
				SWIFT_OPTIMIZATION_LEVEL = "-Owholemodule";
				TARGETED_DEVICE_FAMILY = "1,2";
				VALIDATE_PRODUCT = YES;
			};
			name = Release;
		};
		3B3D01B81D9201C4007702C9 /* Debug */ = {
			isa = XCBuildConfiguration;
			buildSettings = {
				ASSETCATALOG_COMPILER_APPICON_NAME = AppIcon;
				DEVELOPMENT_TEAM = G87HSJL39V;
				INFOPLIST_FILE = PartyRockApp/Info.plist;
				LD_RUNPATH_SEARCH_PATHS = "$(inherited) @executable_path/Frameworks";
				PRODUCT_BUNDLE_IDENTIFIER = com.codecoop.PartyRockApp;
				PRODUCT_NAME = "$(TARGET_NAME)";
				SWIFT_VERSION = 3.0;
			};
			name = Debug;
		};
		3B3D01B91D9201C4007702C9 /* Release */ = {
			isa = XCBuildConfiguration;
			buildSettings = {
				ASSETCATALOG_COMPILER_APPICON_NAME = AppIcon;
				DEVELOPMENT_TEAM = G87HSJL39V;
				INFOPLIST_FILE = PartyRockApp/Info.plist;
				LD_RUNPATH_SEARCH_PATHS = "$(inherited) @executable_path/Frameworks";
				PRODUCT_BUNDLE_IDENTIFIER = com.codecoop.PartyRockApp;
				PRODUCT_NAME = "$(TARGET_NAME)";
				SWIFT_VERSION = 3.0;
			};
			name = Release;
		};
/* End XCBuildConfiguration section */

/* Begin XCConfigurationList section */
		3B3D01A01D9201C4007702C9 /* Build configuration list for PBXProject "PartyRockApp" */ = {
			isa = XCConfigurationList;
			buildConfigurations = (
				3B3D01B51D9201C4007702C9 /* Debug */,
				3B3D01B61D9201C4007702C9 /* Release */,
			);
			defaultConfigurationIsVisible = 0;
			defaultConfigurationName = Release;
		};
		3B3D01B71D9201C4007702C9 /* Build configuration list for PBXNativeTarget "PartyRockApp" */ = {
			isa = XCConfigurationList;
			buildConfigurations = (
				3B3D01B81D9201C4007702C9 /* Debug */,
				3B3D01B91D9201C4007702C9 /* Release */,
			);
			defaultConfigurationIsVisible = 0;
		};
/* End XCConfigurationList section */
	};
	rootObject = 3B3D019D1D9201C4007702C9 /* Project object */;
}
